
Microsoft Visual Studio Solution File, Format Version 12.00
# Visual Studio Version 17
VisualStudioVersion = 17.5.002.0
MinimumVisualStudioVersion = 10.0.40219.1
Project("{9A19103F-16F7-4668-BE54-9A1E7A4F7556}") = "LibraryMS", "LibraryMS.csproj", "{A2DDB108-FBC6-42D7-9C52-34B4654EF1F4}"
EndProject
Global
	GlobalSection(SolutionConfigurationPlatforms) = preSolution
		Debug|Any CPU = Debug|Any CPU
		Release|Any CPU = Release|Any CPU
	EndGlobalSection
	GlobalSection(ProjectConfigurationPlatforms) = postSolution
		{A2DDB108-FBC6-42D7-9C52-34B4654EF1F4}.Debug|Any CPU.ActiveCfg = Debug|Any CPU
		{A2DDB108-FBC6-42D7-9C52-34B4654EF1F4}.Debug|Any CPU.Build.0 = Debug|Any CPU
		{A2DDB108-FBC6-42D7-9C52-34B4654EF1F4}.Release|Any CPU.ActiveCfg = Release|Any CPU
		{A2DDB108-FBC6-42D7-9C52-34B4654EF1F4}.Release|Any CPU.Build.0 = Release|Any CPU
	EndGlobalSection
	GlobalSection(SolutionProperties) = preSolution
		HideSolutionNode = FALSE
	EndGlobalSection
	GlobalSection(ExtensibilityGlobals) = postSolution
		SolutionGuid = {D1B196AF-5EFA-447F-B2C1-6CAC5F88BF28}
	EndGlobalSection
EndGlobal
